// !$*UTF8*$!
{
	archiveVersion = 1;
	classes = {
	};
	objectVersion = 48;
	objects = {

/* Begin PBXBuildFile section */
		34603AE31FAC09A500D4F90D /* AppDelegate.swift in Sources */ = {isa = PBXBuildFile; fileRef = 34603AE21FAC09A500D4F90D /* AppDelegate.swift */; };
		34603AE51FAC09A500D4F90D /* ViewController.swift in Sources */ = {isa = PBXBuildFile; fileRef = 34603AE41FAC09A500D4F90D /* ViewController.swift */; };
		34603AE81FAC09A500D4F90D /* Main.storyboard in Resources */ = {isa = PBXBuildFile; fileRef = 34603AE61FAC09A500D4F90D /* Main.storyboard */; };
		34603AEA1FAC09A500D4F90D /* Assets.xcassets in Resources */ = {isa = PBXBuildFile; fileRef = 34603AE91FAC09A500D4F90D /* Assets.xcassets */; };
		34603AED1FAC09A500D4F90D /* LaunchScreen.storyboard in Resources */ = {isa = PBXBuildFile; fileRef = 34603AEB1FAC09A500D4F90D /* LaunchScreen.storyboard */; };
		34603AF81FAC09A500D4F90D /* PPZFTests.swift in Sources */ = {isa = PBXBuildFile; fileRef = 34603AF71FAC09A500D4F90D /* PPZFTests.swift */; };
		34603B031FAC09A500D4F90D /* PPZFUITests.swift in Sources */ = {isa = PBXBuildFile; fileRef = 34603B021FAC09A500D4F90D /* PPZFUITests.swift */; };
		3C59D3A75CA4A9854C812235 /* Pods_PPZF.framework in Frameworks */ = {isa = PBXBuildFile; fileRef = 3659F163735647C836E0D7F7 /* Pods_PPZF.framework */; };
/* End PBXBuildFile section */

/* Begin PBXContainerItemProxy section */
		34603AF41FAC09A500D4F90D /* PBXContainerItemProxy */ = {
			isa = PBXContainerItemProxy;
			containerPortal = 34603AD71FAC09A400D4F90D /* Project object */;
			proxyType = 1;
			remoteGlobalIDString = 34603ADE1FAC09A500D4F90D;
			remoteInfo = PPZF;
		};
		34603AFF1FAC09A500D4F90D /* PBXContainerItemProxy */ = {
			isa = PBXContainerItemProxy;
			containerPortal = 34603AD71FAC09A400D4F90D /* Project object */;
			proxyType = 1;
			remoteGlobalIDString = 34603ADE1FAC09A500D4F90D;
			remoteInfo = PPZF;
		};
/* End PBXContainerItemProxy section */

/* Begin PBXFileReference section */
		21C006F4B49D2C2A68C2A825 /* Pods-PPZF.debug.xcconfig */ = {isa = PBXFileReference; includeInIndex = 1; lastKnownFileType = text.xcconfig; name = "Pods-PPZF.debug.xcconfig"; path = "Pods/Target Support Files/Pods-PPZF/Pods-PPZF.debug.xcconfig"; sourceTree = "<group>"; };
		34603ADF1FAC09A500D4F90D /* PPZF.app */ = {isa = PBXFileReference; explicitFileType = wrapper.application; includeInIndex = 0; path = PPZF.app; sourceTree = BUILT_PRODUCTS_DIR; };
		34603AE21FAC09A500D4F90D /* AppDelegate.swift */ = {isa = PBXFileReference; lastKnownFileType = sourcecode.swift; path = AppDelegate.swift; sourceTree = "<group>"; };
		34603AE41FAC09A500D4F90D /* ViewController.swift */ = {isa = PBXFileReference; lastKnownFileType = sourcecode.swift; path = ViewController.swift; sourceTree = "<group>"; };
		34603AE71FAC09A500D4F90D /* Base */ = {isa = PBXFileReference; lastKnownFileType = file.storyboard; name = Base; path = Base.lproj/Main.storyboard; sourceTree = "<group>"; };
		34603AE91FAC09A500D4F90D /* Assets.xcassets */ = {isa = PBXFileReference; lastKnownFileType = folder.assetcatalog; path = Assets.xcassets; sourceTree = "<group>"; };
		34603AEC1FAC09A500D4F90D /* Base */ = {isa = PBXFileReference; lastKnownFileType = file.storyboard; name = Base; path = Base.lproj/LaunchScreen.storyboard; sourceTree = "<group>"; };
		34603AEE1FAC09A500D4F90D /* Info.plist */ = {isa = PBXFileReference; lastKnownFileType = text.plist.xml; path = Info.plist; sourceTree = "<group>"; };
		34603AF31FAC09A500D4F90D /* PPZFTests.xctest */ = {isa = PBXFileReference; explicitFileType = wrapper.cfbundle; includeInIndex = 0; path = PPZFTests.xctest; sourceTree = BUILT_PRODUCTS_DIR; };
		34603AF71FAC09A500D4F90D /* PPZFTests.swift */ = {isa = PBXFileReference; lastKnownFileType = sourcecode.swift; path = PPZFTests.swift; sourceTree = "<group>"; };
		34603AF91FAC09A500D4F90D /* Info.plist */ = {isa = PBXFileReference; lastKnownFileType = text.plist.xml; path = Info.plist; sourceTree = "<group>"; };
		34603AFE1FAC09A500D4F90D /* PPZFUITests.xctest */ = {isa = PBXFileReference; explicitFileType = wrapper.cfbundle; includeInIndex = 0; path = PPZFUITests.xctest; sourceTree = BUILT_PRODUCTS_DIR; };
		34603B021FAC09A500D4F90D /* PPZFUITests.swift */ = {isa = PBXFileReference; lastKnownFileType = sourcecode.swift; path = PPZFUITests.swift; sourceTree = "<group>"; };
		34603B041FAC09A500D4F90D /* Info.plist */ = {isa = PBXFileReference; lastKnownFileType = text.plist.xml; path = Info.plist; sourceTree = "<group>"; };
		3659F163735647C836E0D7F7 /* Pods_PPZF.framework */ = {isa = PBXFileReference; explicitFileType = wrapper.framework; includeInIndex = 0; path = Pods_PPZF.framework; sourceTree = BUILT_PRODUCTS_DIR; };
		A9E0777975B2BE40DBB260DF /* Pods-PPZF.release.xcconfig */ = {isa = PBXFileReference; includeInIndex = 1; lastKnownFileType = text.xcconfig; name = "Pods-PPZF.release.xcconfig"; path = "Pods/Target Support Files/Pods-PPZF/Pods-PPZF.release.xcconfig"; sourceTree = "<group>"; };
/* End PBXFileReference section */

/* Begin PBXFrameworksBuildPhase section */
		34603ADC1FAC09A500D4F90D /* Frameworks */ = {
			isa = PBXFrameworksBuildPhase;
			buildActionMask = 2147483647;
			files = (
				3C59D3A75CA4A9854C812235 /* Pods_PPZF.framework in Frameworks */,
			);
			runOnlyForDeploymentPostprocessing = 0;
		};
		34603AF01FAC09A500D4F90D /* Frameworks */ = {
			isa = PBXFrameworksBuildPhase;
			buildActionMask = 2147483647;
			files = (
			);
			runOnlyForDeploymentPostprocessing = 0;
		};
		34603AFB1FAC09A500D4F90D /* Frameworks */ = {
			isa = PBXFrameworksBuildPhase;
			buildActionMask = 2147483647;
			files = (
			);
			runOnlyForDeploymentPostprocessing = 0;
		};
/* End PBXFrameworksBuildPhase section */

/* Begin PBXGroup section */
		34603AD61FAC09A400D4F90D = {
			isa = PBXGroup;
			children = (
				34603AE11FAC09A500D4F90D /* PPZF */,
				34603AF61FAC09A500D4F90D /* PPZFTests */,
				34603B011FAC09A500D4F90D /* PPZFUITests */,
				34603AE01FAC09A500D4F90D /* Products */,
				E87A6746558FCFAC4C8CF551 /* Pods */,
				B8663A186AB5B88B9746678E /* Frameworks */,
			);
			sourceTree = "<group>";
		};
		34603AE01FAC09A500D4F90D /* Products */ = {
			isa = PBXGroup;
			children = (
				34603ADF1FAC09A500D4F90D /* PPZF.app */,
				34603AF31FAC09A500D4F90D /* PPZFTests.xctest */,
				34603AFE1FAC09A500D4F90D /* PPZFUITests.xctest */,
			);
			name = Products;
			sourceTree = "<group>";
		};
		34603AE11FAC09A500D4F90D /* PPZF */ = {
			isa = PBXGroup;
			children = (
				34603AE21FAC09A500D4F90D /* AppDelegate.swift */,
				34603AE41FAC09A500D4F90D /* ViewController.swift */,
				34603AE61FAC09A500D4F90D /* Main.storyboard */,
				34603AE91FAC09A500D4F90D /* Assets.xcassets */,
				34603AEB1FAC09A500D4F90D /* LaunchScreen.storyboard */,
				34603AEE1FAC09A500D4F90D /* Info.plist */,
			);
			path = PPZF;
			sourceTree = "<group>";
		};
		34603AF61FAC09A500D4F90D /* PPZFTests */ = {
			isa = PBXGroup;
			children = (
				34603AF71FAC09A500D4F90D /* PPZFTests.swift */,
				34603AF91FAC09A500D4F90D /* Info.plist */,
			);
			path = PPZFTests;
			sourceTree = "<group>";
		};
		34603B011FAC09A500D4F90D /* PPZFUITests */ = {
			isa = PBXGroup;
			children = (
				34603B021FAC09A500D4F90D /* PPZFUITests.swift */,
				34603B041FAC09A500D4F90D /* Info.plist */,
			);
			path = PPZFUITests;
			sourceTree = "<group>";
		};
		B8663A186AB5B88B9746678E /* Frameworks */ = {
			isa = PBXGroup;
			children = (
				3659F163735647C836E0D7F7 /* Pods_PPZF.framework */,
			);
			name = Frameworks;
			sourceTree = "<group>";
		};
		E87A6746558FCFAC4C8CF551 /* Pods */ = {
			isa = PBXGroup;
			children = (
				21C006F4B49D2C2A68C2A825 /* Pods-PPZF.debug.xcconfig */,
				A9E0777975B2BE40DBB260DF /* Pods-PPZF.release.xcconfig */,
			);
			name = Pods;
			sourceTree = "<group>";
		};
/* End PBXGroup section */

/* Begin PBXNativeTarget section */
		34603ADE1FAC09A500D4F90D /* PPZF */ = {
			isa = PBXNativeTarget;
			buildConfigurationList = 34603B071FAC09A500D4F90D /* Build configuration list for PBXNativeTarget "PPZF" */;
			buildPhases = (
				58217632F2C9A3CD8B76A0DF /* [CP] Check Pods Manifest.lock */,
				34603ADB1FAC09A500D4F90D /* Sources */,
				34603ADC1FAC09A500D4F90D /* Frameworks */,
				34603ADD1FAC09A500D4F90D /* Resources */,
				89615297C41BB0C9ECB28267 /* [CP] Embed Pods Frameworks */,
				544BE1324571E31E75092C44 /* [CP] Copy Pods Resources */,
			);
			buildRules = (
			);
			dependencies = (
			);
			name = PPZF;
			productName = PPZF;
			productReference = 34603ADF1FAC09A500D4F90D /* PPZF.app */;
			productType = "com.apple.product-type.application";
		};
		34603AF21FAC09A500D4F90D /* PPZFTests */ = {
			isa = PBXNativeTarget;
			buildConfigurationList = 34603B0A1FAC09A500D4F90D /* Build configuration list for PBXNativeTarget "PPZFTests" */;
			buildPhases = (
				34603AEF1FAC09A500D4F90D /* Sources */,
				34603AF01FAC09A500D4F90D /* Frameworks */,
				34603AF11FAC09A500D4F90D /* Resources */,
			);
			buildRules = (
			);
			dependencies = (
				34603AF51FAC09A500D4F90D /* PBXTargetDependency */,
			);
			name = PPZFTests;
			productName = PPZFTests;
			productReference = 34603AF31FAC09A500D4F90D /* PPZFTests.xctest */;
			productType = "com.apple.product-type.bundle.unit-test";
		};
		34603AFD1FAC09A500D4F90D /* PPZFUITests */ = {
			isa = PBXNativeTarget;
			buildConfigurationList = 34603B0D1FAC09A500D4F90D /* Build configuration list for PBXNativeTarget "PPZFUITests" */;
			buildPhases = (
				34603AFA1FAC09A500D4F90D /* Sources */,
				34603AFB1FAC09A500D4F90D /* Frameworks */,
				34603AFC1FAC09A500D4F90D /* Resources */,
			);
			buildRules = (
			);
			dependencies = (
				34603B001FAC09A500D4F90D /* PBXTargetDependency */,
			);
			name = PPZFUITests;
			productName = PPZFUITests;
			productReference = 34603AFE1FAC09A500D4F90D /* PPZFUITests.xctest */;
			productType = "com.apple.product-type.bundle.ui-testing";
		};
/* End PBXNativeTarget section */

/* Begin PBXProject section */
		34603AD71FAC09A400D4F90D /* Project object */ = {
			isa = PBXProject;
			attributes = {
				LastSwiftUpdateCheck = 0910;
				LastUpgradeCheck = 0910;
				ORGANIZATIONNAME = "杜甲";
				TargetAttributes = {
					34603ADE1FAC09A500D4F90D = {
						CreatedOnToolsVersion = 9.1;
						ProvisioningStyle = Automatic;
					};
					34603AF21FAC09A500D4F90D = {
						CreatedOnToolsVersion = 9.1;
						ProvisioningStyle = Automatic;
						TestTargetID = 34603ADE1FAC09A500D4F90D;
					};
					34603AFD1FAC09A500D4F90D = {
						CreatedOnToolsVersion = 9.1;
						ProvisioningStyle = Automatic;
						TestTargetID = 34603ADE1FAC09A500D4F90D;
					};
				};
			};
			buildConfigurationList = 34603ADA1FAC09A400D4F90D /* Build configuration list for PBXProject "PPZF" */;
			compatibilityVersion = "Xcode 8.0";
			developmentRegion = en;
			hasScannedForEncodings = 0;
			knownRegions = (
				en,
				Base,
			);
			mainGroup = 34603AD61FAC09A400D4F90D;
			productRefGroup = 34603AE01FAC09A500D4F90D /* Products */;
			projectDirPath = "";
			projectRoot = "";
			targets = (
				34603ADE1FAC09A500D4F90D /* PPZF */,
				34603AF21FAC09A500D4F90D /* PPZFTests */,
				34603AFD1FAC09A500D4F90D /* PPZFUITests */,
			);
		};
/* End PBXProject section */

/* Begin PBXResourcesBuildPhase section */
		34603ADD1FAC09A500D4F90D /* Resources */ = {
			isa = PBXResourcesBuildPhase;
			buildActionMask = 2147483647;
			files = (
				34603AED1FAC09A500D4F90D /* LaunchScreen.storyboard in Resources */,
				34603AEA1FAC09A500D4F90D /* Assets.xcassets in Resources */,
				34603AE81FAC09A500D4F90D /* Main.storyboard in Resources */,
			);
			runOnlyForDeploymentPostprocessing = 0;
		};
		34603AF11FAC09A500D4F90D /* Resources */ = {
			isa = PBXResourcesBuildPhase;
			buildActionMask = 2147483647;
			files = (
			);
			runOnlyForDeploymentPostprocessing = 0;
		};
		34603AFC1FAC09A500D4F90D /* Resources */ = {
			isa = PBXResourcesBuildPhase;
			buildActionMask = 2147483647;
			files = (
			);
			runOnlyForDeploymentPostprocessing = 0;
		};
/* End PBXResourcesBuildPhase section */

/* Begin PBXShellScriptBuildPhase section */
		544BE1324571E31E75092C44 /* [CP] Copy Pods Resources */ = {
			isa = PBXShellScriptBuildPhase;
			buildActionMask = 2147483647;
			files = (
			);
			inputPaths = (
			);
			name = "[CP] Copy Pods Resources";
			outputPaths = (
			);
			runOnlyForDeploymentPostprocessing = 0;
			shellPath = /bin/sh;
			shellScript = "\"${SRCROOT}/Pods/Target Support Files/Pods-PPZF/Pods-PPZF-resources.sh\"\n";
			showEnvVarsInLog = 0;
		};
		58217632F2C9A3CD8B76A0DF /* [CP] Check Pods Manifest.lock */ = {
			isa = PBXShellScriptBuildPhase;
			buildActionMask = 2147483647;
			files = (
			);
			inputPaths = (
				"${PODS_PODFILE_DIR_PATH}/Podfile.lock",
				"${PODS_ROOT}/Manifest.lock",
			);
			name = "[CP] Check Pods Manifest.lock";
			outputPaths = (
				"$(DERIVED_FILE_DIR)/Pods-PPZF-checkManifestLockResult.txt",
			);
			runOnlyForDeploymentPostprocessing = 0;
			shellPath = /bin/sh;
			shellScript = "diff \"${PODS_PODFILE_DIR_PATH}/Podfile.lock\" \"${PODS_ROOT}/Manifest.lock\" > /dev/null\nif [ $? != 0 ] ; then\n    # print error to STDERR\n    echo \"error: The sandbox is not in sync with the Podfile.lock. Run 'pod install' or update your CocoaPods installation.\" >&2\n    exit 1\nfi\n# This output is used by Xcode 'outputs' to avoid re-running this script phase.\necho \"SUCCESS\" > \"${SCRIPT_OUTPUT_FILE_0}\"\n";
			showEnvVarsInLog = 0;
		};
		89615297C41BB0C9ECB28267 /* [CP] Embed Pods Frameworks */ = {
			isa = PBXShellScriptBuildPhase;
			buildActionMask = 2147483647;
			files = (
			);
			inputPaths = (
				"${SRCROOT}/Pods/Target Support Files/Pods-PPZF/Pods-PPZF-frameworks.sh",
				"${BUILT_PRODUCTS_DIR}/Alamofire/Alamofire.framework",
				"${BUILT_PRODUCTS_DIR}/CocoaLumberjack/CocoaLumberjack.framework",
				"${BUILT_PRODUCTS_DIR}/ReactiveCocoa/ReactiveCocoa.framework",
				"${BUILT_PRODUCTS_DIR}/ReactiveSwift/ReactiveSwift.framework",
				"${BUILT_PRODUCTS_DIR}/Result/Result.framework",
				"${BUILT_PRODUCTS_DIR}/SnapKit/SnapKit.framework",
				"${BUILT_PRODUCTS_DIR}/SwiftyJSON/SwiftyJSON.framework",
			);
			name = "[CP] Embed Pods Frameworks";
			outputPaths = (
				"${TARGET_BUILD_DIR}/${FRAMEWORKS_FOLDER_PATH}/Alamofire.framework",
				"${TARGET_BUILD_DIR}/${FRAMEWORKS_FOLDER_PATH}/CocoaLumberjack.framework",
				"${TARGET_BUILD_DIR}/${FRAMEWORKS_FOLDER_PATH}/ReactiveCocoa.framework",
				"${TARGET_BUILD_DIR}/${FRAMEWORKS_FOLDER_PATH}/ReactiveSwift.framework",
				"${TARGET_BUILD_DIR}/${FRAMEWORKS_FOLDER_PATH}/Result.framework",
				"${TARGET_BUILD_DIR}/${FRAMEWORKS_FOLDER_PATH}/SnapKit.framework",
				"${TARGET_BUILD_DIR}/${FRAMEWORKS_FOLDER_PATH}/SwiftyJSON.framework",
			);
			runOnlyForDeploymentPostprocessing = 0;
			shellPath = /bin/sh;
			shellScript = "\"${SRCROOT}/Pods/Target Support Files/Pods-PPZF/Pods-PPZF-frameworks.sh\"\n";
			showEnvVarsInLog = 0;
		};
/* End PBXShellScriptBuildPhase section */

/* Begin PBXSourcesBuildPhase section */
		34603ADB1FAC09A500D4F90D /* Sources */ = {
			isa = PBXSourcesBuildPhase;
			buildActionMask = 2147483647;
			files = (
				34603AE51FAC09A500D4F90D /* ViewController.swift in Sources */,
				34603AE31FAC09A500D4F90D /* AppDelegate.swift in Sources */,
			);
			runOnlyForDeploymentPostprocessing = 0;
		};
		34603AEF1FAC09A500D4F90D /* Sources */ = {
			isa = PBXSourcesBuildPhase;
			buildActionMask = 2147483647;
			files = (
				34603AF81FAC09A500D4F90D /* PPZFTests.swift in Sources */,
			);
			runOnlyForDeploymentPostprocessing = 0;
		};
		34603AFA1FAC09A500D4F90D /* Sources */ = {
			isa = PBXSourcesBuildPhase;
			buildActionMask = 2147483647;
			files = (
				34603B031FAC09A500D4F90D /* PPZFUITests.swift in Sources */,
			);
			runOnlyForDeploymentPostprocessing = 0;
		};
/* End PBXSourcesBuildPhase section */

/* Begin PBXTargetDependency section */
		34603AF51FAC09A500D4F90D /* PBXTargetDependency */ = {
			isa = PBXTargetDependency;
			target = 34603ADE1FAC09A500D4F90D /* PPZF */;
			targetProxy = 34603AF41FAC09A500D4F90D /* PBXContainerItemProxy */;
		};
		34603B001FAC09A500D4F90D /* PBXTargetDependency */ = {
			isa = PBXTargetDependency;
			target = 34603ADE1FAC09A500D4F90D /* PPZF */;
			targetProxy = 34603AFF1FAC09A500D4F90D /* PBXContainerItemProxy */;
		};
/* End PBXTargetDependency section */

/* Begin PBXVariantGroup section */
		34603AE61FAC09A500D4F90D /* Main.storyboard */ = {
			isa = PBXVariantGroup;
			children = (
				34603AE71FAC09A500D4F90D /* Base */,
			);
			name = Main.storyboard;
			sourceTree = "<group>";
		};
		34603AEB1FAC09A500D4F90D /* LaunchScreen.storyboard */ = {
			isa = PBXVariantGroup;
			children = (
				34603AEC1FAC09A500D4F90D /* Base */,
			);
			name = LaunchScreen.storyboard;
			sourceTree = "<group>";
		};
/* End PBXVariantGroup section */

/* Begin XCBuildConfiguration section */
		34603B051FAC09A500D4F90D /* Debug */ = {
			isa = XCBuildConfiguration;
			buildSettings = {
				ALWAYS_SEARCH_USER_PATHS = NO;
				CLANG_ANALYZER_NONNULL = YES;
				CLANG_ANALYZER_NUMBER_OBJECT_CONVERSION = YES_AGGRESSIVE;
				CLANG_CXX_LANGUAGE_STANDARD = "gnu++14";
				CLANG_CXX_LIBRARY = "libc++";
				CLANG_ENABLE_MODULES = YES;
				CLANG_ENABLE_OBJC_ARC = YES;
				CLANG_WARN_BLOCK_CAPTURE_AUTORELEASING = YES;
				CLANG_WARN_BOOL_CONVERSION = YES;
				CLANG_WARN_COMMA = YES;
				CLANG_WARN_CONSTANT_CONVERSION = YES;
				CLANG_WARN_DIRECT_OBJC_ISA_USAGE = YES_ERROR;
				CLANG_WARN_DOCUMENTATION_COMMENTS = YES;
				CLANG_WARN_EMPTY_BODY = YES;
				CLANG_WARN_ENUM_CONVERSION = YES;
				CLANG_WARN_INFINITE_RECURSION = YES;
				CLANG_WARN_INT_CONVERSION = YES;
				CLANG_WARN_NON_LITERAL_NULL_CONVERSION = YES;
				CLANG_WARN_OBJC_LITERAL_CONVERSION = YES;
				CLANG_WARN_OBJC_ROOT_CLASS = YES_ERROR;
				CLANG_WARN_RANGE_LOOP_ANALYSIS = YES;
				CLANG_WARN_STRICT_PROTOTYPES = YES;
				CLANG_WARN_SUSPICIOUS_MOVE = YES;
				CLANG_WARN_UNGUARDED_AVAILABILITY = YES_AGGRESSIVE;
				CLANG_WARN_UNREACHABLE_CODE = YES;
				CLANG_WARN__DUPLICATE_METHOD_MATCH = YES;
				CODE_SIGN_IDENTITY = "iPhone Developer";
				COPY_PHASE_STRIP = NO;
				DEBUG_INFORMATION_FORMAT = dwarf;
				ENABLE_STRICT_OBJC_MSGSEND = YES;
				ENABLE_TESTABILITY = YES;
				GCC_C_LANGUAGE_STANDARD = gnu11;
				GCC_DYNAMIC_NO_PIC = NO;
				GCC_NO_COMMON_BLOCKS = YES;
				GCC_OPTIMIZATION_LEVEL = 0;
				GCC_PREPROCESSOR_DEFINITIONS = (
					"DEBUG=1",
					"$(inherited)",
				);
				GCC_WARN_64_TO_32_BIT_CONVERSION = YES;
				GCC_WARN_ABOUT_RETURN_TYPE = YES_ERROR;
				GCC_WARN_UNDECLARED_SELECTOR = YES;
				GCC_WARN_UNINITIALIZED_AUTOS = YES_AGGRESSIVE;
				GCC_WARN_UNUSED_FUNCTION = YES;
				GCC_WARN_UNUSED_VARIABLE = YES;
				IPHONEOS_DEPLOYMENT_TARGET = 11.1;
				MTL_ENABLE_DEBUG_INFO = YES;
				ONLY_ACTIVE_ARCH = YES;
				SDKROOT = iphoneos;
				SWIFT_ACTIVE_COMPILATION_CONDITIONS = DEBUG;
				SWIFT_OPTIMIZATION_LEVEL = "-Onone";
			};
			name = Debug;
		};
		34603B061FAC09A500D4F90D /* Release */ = {
			isa = XCBuildConfiguration;
			buildSettings = {
				ALWAYS_SEARCH_USER_PATHS = NO;
				CLANG_ANALYZER_NONNULL = YES;
				CLANG_ANALYZER_NUMBER_OBJECT_CONVERSION = YES_AGGRESSIVE;
				CLANG_CXX_LANGUAGE_STANDARD = "gnu++14";
				CLANG_CXX_LIBRARY = "libc++";
				CLANG_ENABLE_MODULES = YES;
				CLANG_ENABLE_OBJC_ARC = YES;
				CLANG_WARN_BLOCK_CAPTURE_AUTORELEASING = YES;
				CLANG_WARN_BOOL_CONVERSION = YES;
				CLANG_WARN_COMMA = YES;
				CLANG_WARN_CONSTANT_CONVERSION = YES;
				CLANG_WARN_DIRECT_OBJC_ISA_USAGE = YES_ERROR;
				CLANG_WARN_DOCUMENTATION_COMMENTS = YES;
				CLANG_WARN_EMPTY_BODY = YES;
				CLANG_WARN_ENUM_CONVERSION = YES;
				CLANG_WARN_INFINITE_RECURSION = YES;
				CLANG_WARN_INT_CONVERSION = YES;
				CLANG_WARN_NON_LITERAL_NULL_CONVERSION = YES;
				CLANG_WARN_OBJC_LITERAL_CONVERSION = YES;
				CLANG_WARN_OBJC_ROOT_CLASS = YES_ERROR;
				CLANG_WARN_RANGE_LOOP_ANALYSIS = YES;
				CLANG_WARN_STRICT_PROTOTYPES = YES;
				CLANG_WARN_SUSPICIOUS_MOVE = YES;
				CLANG_WARN_UNGUARDED_AVAILABILITY = YES_AGGRESSIVE;
				CLANG_WARN_UNREACHABLE_CODE = YES;
				CLANG_WARN__DUPLICATE_METHOD_MATCH = YES;
				CODE_SIGN_IDENTITY = "iPhone Developer";
				COPY_PHASE_STRIP = NO;
				DEBUG_INFORMATION_FORMAT = "dwarf-with-dsym";
				ENABLE_NS_ASSERTIONS = NO;
				ENABLE_STRICT_OBJC_MSGSEND = YES;
				GCC_C_LANGUAGE_STANDARD = gnu11;
				GCC_NO_COMMON_BLOCKS = YES;
				GCC_WARN_64_TO_32_BIT_CONVERSION = YES;
				GCC_WARN_ABOUT_RETURN_TYPE = YES_ERROR;
				GCC_WARN_UNDECLARED_SELECTOR = YES;
				GCC_WARN_UNINITIALIZED_AUTOS = YES_AGGRESSIVE;
				GCC_WARN_UNUSED_FUNCTION = YES;
				GCC_WARN_UNUSED_VARIABLE = YES;
				IPHONEOS_DEPLOYMENT_TARGET = 11.1;
				MTL_ENABLE_DEBUG_INFO = NO;
				SDKROOT = iphoneos;
				SWIFT_OPTIMIZATION_LEVEL = "-Owholemodule";
				VALIDATE_PRODUCT = YES;
			};
			name = Release;
		};
		34603B081FAC09A500D4F90D /* Debug */ = {
			isa = XCBuildConfiguration;
			baseConfigurationReference = 21C006F4B49D2C2A68C2A825 /* Pods-PPZF.debug.xcconfig */;
			buildSettings = {
				ASSETCATALOG_COMPILER_APPICON_NAME = AppIcon;
				CODE_SIGN_STYLE = Automatic;
				DEVELOPMENT_TEAM = 7H7V5YYQL3;
				INFOPLIST_FILE = PPZF/Info.plist;
				LD_RUNPATH_SEARCH_PATHS = "$(inherited) @executable_path/Frameworks";
				PRODUCT_BUNDLE_IDENTIFIER = com.typany.PPZF;
				PRODUCT_NAME = "$(TARGET_NAME)";
				SWIFT_VERSION = 4.0;
				TARGETED_DEVICE_FAMILY = "1,2";
			};
			name = Debug;
		};
		34603B091FAC09A500D4F90D /* Release */ = {
			isa = XCBuildConfiguration;
			baseConfigurationReference = A9E0777975B2BE40DBB260DF /* Pods-PPZF.release.xcconfig */;
			buildSettings = {
				ASSETCATALOG_COMPILER_APPICON_NAME = AppIcon;
				CODE_SIGN_STYLE = Automatic;
				DEVELOPMENT_TEAM = 7H7V5YYQL3;
				INFOPLIST_FILE = PPZF/Info.plist;
				LD_RUNPATH_SEARCH_PATHS = "$(inherited) @executable_path/Frameworks";
				PRODUCT_BUNDLE_IDENTIFIER = com.typany.PPZF;
				PRODUCT_NAME = "$(TARGET_NAME)";
				SWIFT_VERSION = 4.0;
				TARGETED_DEVICE_FAMILY = "1,2";
			};
			name = Release;
		};
		34603B0B1FAC09A500D4F90D /* Debug */ = {
			isa = XCBuildConfiguration;
			buildSettings = {
				ALWAYS_EMBED_SWIFT_STANDARD_LIBRARIES = YES;
				BUNDLE_LOADER = "$(TEST_HOST)";
				CODE_SIGN_STYLE = Automatic;
				DEVELOPMENT_TEAM = 7H7V5YYQL3;
				INFOPLIST_FILE = PPZFTests/Info.plist;
				LD_RUNPATH_SEARCH_PATHS = "$(inherited) @executable_path/Frameworks @loader_path/Frameworks";
				PRODUCT_BUNDLE_IDENTIFIER = com.typany.PPZFTests;
				PRODUCT_NAME = "$(TARGET_NAME)";
				SWIFT_VERSION = 4.0;
				TARGETED_DEVICE_FAMILY = "1,2";
				TEST_HOST = "$(BUILT_PRODUCTS_DIR)/PPZF.app/PPZF";
			};
			name = Debug;
		};
		34603B0C1FAC09A500D4F90D /* Release */ = {
			isa = XCBuildConfiguration;
			buildSettings = {
				ALWAYS_EMBED_SWIFT_STANDARD_LIBRARIES = YES;
				BUNDLE_LOADER = "$(TEST_HOST)";
				CODE_SIGN_STYLE = Automatic;
				DEVELOPMENT_TEAM = 7H7V5YYQL3;
				INFOPLIST_FILE = PPZFTests/Info.plist;
				LD_RUNPATH_SEARCH_PATHS = "$(inherited) @executable_path/Frameworks @loader_path/Frameworks";
				PRODUCT_BUNDLE_IDENTIFIER = com.typany.PPZFTests;
				PRODUCT_NAME = "$(TARGET_NAME)";
				SWIFT_VERSION = 4.0;
				TARGETED_DEVICE_FAMILY = "1,2";
				TEST_HOST = "$(BUILT_PRODUCTS_DIR)/PPZF.app/PPZF";
			};
			name = Release;
		};
		34603B0E1FAC09A500D4F90D /* Debug */ = {
			isa = XCBuildConfiguration;
			buildSettings = {
				ALWAYS_EMBED_SWIFT_STANDARD_LIBRARIES = YES;
				CODE_SIGN_STYLE = Automatic;
				DEVELOPMENT_TEAM = 7H7V5YYQL3;
				INFOPLIST_FILE = PPZFUITests/Info.plist;
				LD_RUNPATH_SEARCH_PATHS = "$(inherited) @executable_path/Frameworks @loader_path/Frameworks";
				PRODUCT_BUNDLE_IDENTIFIER = com.typany.PPZFUITests;
				PRODUCT_NAME = "$(TARGET_NAME)";
				SWIFT_VERSION = 4.0;
				TARGETED_DEVICE_FAMILY = "1,2";
				TEST_TARGET_NAME = PPZF;
			};
			name = Debug;
		};
		34603B0F1FAC09A500D4F90D /* Release */ = {
			isa = XCBuildConfiguration;
			buildSettings = {
				ALWAYS_EMBED_SWIFT_STANDARD_LIBRARIES = YES;
				CODE_SIGN_STYLE = Automatic;
				DEVELOPMENT_TEAM = 7H7V5YYQL3;
				INFOPLIST_FILE = PPZFUITests/Info.plist;
				LD_RUNPATH_SEARCH_PATHS = "$(inherited) @executable_path/Frameworks @loader_path/Frameworks";
				PRODUCT_BUNDLE_IDENTIFIER = com.typany.PPZFUITests;
				PRODUCT_NAME = "$(TARGET_NAME)";
				SWIFT_VERSION = 4.0;
				TARGETED_DEVICE_FAMILY = "1,2";
				TEST_TARGET_NAME = PPZF;
			};
			name = Release;
		};
/* End XCBuildConfiguration section */

/* Begin XCConfigurationList section */
		34603ADA1FAC09A400D4F90D /* Build configuration list for PBXProject "PPZF" */ = {
			isa = XCConfigurationList;
			buildConfigurations = (
				34603B051FAC09A500D4F90D /* Debug */,
				34603B061FAC09A500D4F90D /* Release */,
			);
			defaultConfigurationIsVisible = 0;
			defaultConfigurationName = Release;
		};
		34603B071FAC09A500D4F90D /* Build configuration list for PBXNativeTarget "PPZF" */ = {
			isa = XCConfigurationList;
			buildConfigurations = (
				34603B081FAC09A500D4F90D /* Debug */,
				34603B091FAC09A500D4F90D /* Release */,
			);
			defaultConfigurationIsVisible = 0;
			defaultConfigurationName = Release;
		};
		34603B0A1FAC09A500D4F90D /* Build configuration list for PBXNativeTarget "PPZFTests" */ = {
			isa = XCConfigurationList;
			buildConfigurations = (
				34603B0B1FAC09A500D4F90D /* Debug */,
				34603B0C1FAC09A500D4F90D /* Release */,
			);
			defaultConfigurationIsVisible = 0;
			defaultConfigurationName = Release;
		};
		34603B0D1FAC09A500D4F90D /* Build configuration list for PBXNativeTarget "PPZFUITests" */ = {
			isa = XCConfigurationList;
			buildConfigurations = (
				34603B0E1FAC09A500D4F90D /* Debug */,
				34603B0F1FAC09A500D4F90D /* Release */,
			);
			defaultConfigurationIsVisible = 0;
			defaultConfigurationName = Release;
		};
/* End XCConfigurationList section */
	};
	rootObject = 34603AD71FAC09A400D4F90D /* Project object */;
}
